
Microsoft Visual Studio Solution File, Format Version 12.00
# Visual Studio 14
VisualStudioVersion = 14.0.24720.0
MinimumVisualStudioVersion = 10.0.40219.1
Project("{FAE04EC0-301F-11D3-BF4B-00C04F79EFBC}") = "Mp3 Player", "Mp3 Player\Mp3 Player.csproj", "{0F332FF4-345A-4DE9-B1F7-11F7446756A0}"
EndProject
Global
	GlobalSection(SolutionConfigurationPlatforms) = preSolution
		Debug|Any CPU = Debug|Any CPU
		Release|Any CPU = Release|Any CPU
	EndGlobalSection
	GlobalSection(ProjectConfigurationPlatforms) = postSolution
		{0F332FF4-345A-4DE9-B1F7-11F7446756A0}.Debug|Any CPU.ActiveCfg = Debug|Any CPU
		{0F332FF4-345A-4DE9-B1F7-11F7446756A0}.Debug|Any CPU.Build.0 = Debug|Any CPU
		{0F332FF4-345A-4DE9-B1F7-11F7446756A0}.Release|Any CPU.ActiveCfg = Release|Any CPU
		{0F332FF4-345A-4DE9-B1F7-11F7446756A0}.Release|Any CPU.Build.0 = Release|Any CPU
	EndGlobalSection
	GlobalSection(SolutionProperties) = preSolution
		HideSolutionNode = FALSE
	EndGlobalSection
EndGlobal
